
Microsoft Visual Studio Solution File, Format Version 12.00
# Visual Studio Version 16
VisualStudioVersion = 16.0.30804.86
MinimumVisualStudioVersion = 10.0.40219.1
Project("{FAE04EC0-301F-11D3-BF4B-00C04F79EFBC}") = "DBConnection", "DBConnection\DBConnection.csproj", "{80AA9B5D-AC81-43FA-ADC3-314CB88643A4}"
EndProject
Global
	GlobalSection(SolutionConfigurationPlatforms) = preSolution
		Debug|Any CPU = Debug|Any CPU
		Release|Any CPU = Release|Any CPU
	EndGlobalSection
	GlobalSection(ProjectConfigurationPlatforms) = postSolution
		{80AA9B5D-AC81-43FA-ADC3-314CB88643A4}.Debug|Any CPU.ActiveCfg = Debug|Any CPU
		{80AA9B5D-AC81-43FA-ADC3-314CB88643A4}.Debug|Any CPU.Build.0 = Debug|Any CPU
		{80AA9B5D-AC81-43FA-ADC3-314CB88643A4}.Release|Any CPU.ActiveCfg = Release|Any CPU
		{80AA9B5D-AC81-43FA-ADC3-314CB88643A4}.Release|Any CPU.Build.0 = Release|Any CPU
	EndGlobalSection
	GlobalSection(SolutionProperties) = preSolution
		HideSolutionNode = FALSE
	EndGlobalSection
	GlobalSection(ExtensibilityGlobals) = postSolution
		SolutionGuid = {CABF4065-871C-4DCC-94EF-5864A8E83720}
	EndGlobalSection
EndGlobal
